Microsoft Visual Studio Solution File, Format Version 12.00
# Visual Studio 2012
Project("{FAE04EC0-301F-11D3-BF4B-00C04F79EFBC}") = "MarchingSquares", "MarchingSquares.csproj", "{131F09FB-08B4-4908-BF64-D29DA58888ED}"
EndProject
Global
	GlobalSection(SolutionConfigurationPlatforms) = preSolution
	Debug|Any CPU = Debug|Any CPU
	ExportDebug|Any CPU = ExportDebug|Any CPU
	ExportRelease|Any CPU = ExportRelease|Any CPU
	EndGlobalSection
	GlobalSection(ProjectConfigurationPlatforms) = postSolution
		{131F09FB-08B4-4908-BF64-D29DA58888ED}.Debug|Any CPU.ActiveCfg = Debug|Any CPU
		{131F09FB-08B4-4908-BF64-D29DA58888ED}.Debug|Any CPU.Build.0 = Debug|Any CPU
		{131F09FB-08B4-4908-BF64-D29DA58888ED}.ExportDebug|Any CPU.ActiveCfg = ExportDebug|Any CPU
		{131F09FB-08B4-4908-BF64-D29DA58888ED}.ExportDebug|Any CPU.Build.0 = ExportDebug|Any CPU
		{131F09FB-08B4-4908-BF64-D29DA58888ED}.ExportRelease|Any CPU.ActiveCfg = ExportRelease|Any CPU
		{131F09FB-08B4-4908-BF64-D29DA58888ED}.ExportRelease|Any CPU.Build.0 = ExportRelease|Any CPU
	EndGlobalSection
EndGlobal
